// !$*UTF8*$!
{
	archiveVersion = 1;
	classes = {
	};
	objectVersion = 56;
	objects = {

/* Begin PBXBuildFile section */
		F9859B3F2B39A48E0029D491 /* AppDelegate.swift in Sources */ = {isa = PBXBuildFile; fileRef = F9859B3E2B39A48E0029D491 /* AppDelegate.swift */; };
		F9859B462B39A48E0029D491 /* Main.storyboard in Resources */ = {isa = PBXBuildFile; fileRef = F9859B442B39A48E0029D491 /* Main.storyboard */; };
		F9859B492B39A48E0029D491 /* FolderAndFeed.xcdatamodeld in Sources */ = {isa = PBXBuildFile; fileRef = F9859B472B39A48E0029D491 /* FolderAndFeed.xcdatamodeld */; };
		F9859B4B2B39A48F0029D491 /* Assets.xcassets in Resources */ = {isa = PBXBuildFile; fileRef = F9859B4A2B39A48F0029D491 /* Assets.xcassets */; };
		F9859B4E2B39A48F0029D491 /* LaunchScreen.storyboard in Resources */ = {isa = PBXBuildFile; fileRef = F9859B4C2B39A48F0029D491 /* LaunchScreen.storyboard */; };
		F9859B592B39A48F0029D491 /* FolderAndFeedTests.swift in Sources */ = {isa = PBXBuildFile; fileRef = F9859B582B39A48F0029D491 /* FolderAndFeedTests.swift */; };
		F9859B632B39A48F0029D491 /* FolderAndFeedUITests.swift in Sources */ = {isa = PBXBuildFile; fileRef = F9859B622B39A48F0029D491 /* FolderAndFeedUITests.swift */; };
		F9859B652B39A48F0029D491 /* FolderAndFeedUITestsLaunchTests.swift in Sources */ = {isa = PBXBuildFile; fileRef = F9859B642B39A48F0029D491 /* FolderAndFeedUITestsLaunchTests.swift */; };
		F9859B732B39B1A00029D491 /* HomeViewController.swift in Sources */ = {isa = PBXBuildFile; fileRef = F9859B722B39B1A00029D491 /* HomeViewController.swift */; };
		F9859B762B39C3C30029D491 /* FileManager+Extension.swift .swift in Sources */ = {isa = PBXBuildFile; fileRef = F9859B752B39C3C30029D491 /* FileManager+Extension.swift .swift */; };
		F9859B792B39C5270029D491 /* FolderListViewController.swift in Sources */ = {isa = PBXBuildFile; fileRef = F9859B782B39C5270029D491 /* FolderListViewController.swift */; };
		F9859B7C2B39C60C0029D491 /* Constants.swift in Sources */ = {isa = PBXBuildFile; fileRef = F9859B7B2B39C60C0029D491 /* Constants.swift */; };
		F9859B7E2B39C6BC0029D491 /* FolderListViewModel.swift in Sources */ = {isa = PBXBuildFile; fileRef = F9859B7D2B39C6BC0029D491 /* FolderListViewModel.swift */; };
		F9859B812B39D6180029D491 /* FolderCell.swift in Sources */ = {isa = PBXBuildFile; fileRef = F9859B7F2B39D6180029D491 /* FolderCell.swift */; };
		F9859B822B39D6180029D491 /* FolderCell.xib in Resources */ = {isa = PBXBuildFile; fileRef = F9859B802B39D6180029D491 /* FolderCell.xib */; };
		F9859B852B39D7730029D491 /* UITableView+Common.swift in Sources */ = {isa = PBXBuildFile; fileRef = F9859B832B39D7730029D491 /* UITableView+Common.swift */; };
		F9859B862B39D7730029D491 /* UICollectionView+Common.swift in Sources */ = {isa = PBXBuildFile; fileRef = F9859B842B39D7730029D491 /* UICollectionView+Common.swift */; };
		F9859B8B2B3A2ADF0029D491 /* WebServiceManager.swift in Sources */ = {isa = PBXBuildFile; fileRef = F9859B8A2B3A2ADF0029D491 /* WebServiceManager.swift */; };
		F9859B8D2B3A2C2C0029D491 /* FeedListViewController.swift in Sources */ = {isa = PBXBuildFile; fileRef = F9859B8C2B3A2C2C0029D491 /* FeedListViewController.swift */; };
		F9859B8F2B3A2CE90029D491 /* FeedListViewModel.swift in Sources */ = {isa = PBXBuildFile; fileRef = F9859B8E2B3A2CE90029D491 /* FeedListViewModel.swift */; };
		F9859B912B3A2DC10029D491 /* FeedModel.swift in Sources */ = {isa = PBXBuildFile; fileRef = F9859B902B3A2DC10029D491 /* FeedModel.swift */; };
		F9859B942B3A33C90029D491 /* FeedListCell.swift in Sources */ = {isa = PBXBuildFile; fileRef = F9859B922B3A33C90029D491 /* FeedListCell.swift */; };
		F9859B952B3A33C90029D491 /* FeedListCell.xib in Resources */ = {isa = PBXBuildFile; fileRef = F9859B932B3A33C90029D491 /* FeedListCell.xib */; };
		F9859B982B3A3E2C0029D491 /* Kingfisher in Frameworks */ = {isa = PBXBuildFile; productRef = F9859B972B3A3E2C0029D491 /* Kingfisher */; };
		F9859B9A2B3A3E6F0029D491 /* UIImageView+Async.swift in Sources */ = {isa = PBXBuildFile; fileRef = F9859B992B3A3E6F0029D491 /* UIImageView+Async.swift */; };
		F9859B9C2B3A40F80029D491 /* Colors.xcassets in Resources */ = {isa = PBXBuildFile; fileRef = F9859B9B2B3A40F80029D491 /* Colors.xcassets */; };
		F9859B9E2B3A4F950029D491 /* Date+Extension.swift in Sources */ = {isa = PBXBuildFile; fileRef = F9859B9D2B3A4F950029D491 /* Date+Extension.swift */; };
		F9859BA02B3A4FE90029D491 /* String+Extension.swift in Sources */ = {isa = PBXBuildFile; fileRef = F9859B9F2B3A4FE90029D491 /* String+Extension.swift */; };
		F9859BA52B3AAC180029D491 /* CommentsViewController.swift in Sources */ = {isa = PBXBuildFile; fileRef = F9859BA42B3AAC180029D491 /* CommentsViewController.swift */; };
		F9859BA72B3AACF10029D491 /* CommentModel.swift in Sources */ = {isa = PBXBuildFile; fileRef = F9859BA62B3AACF10029D491 /* CommentModel.swift */; };
		F9859BA92B3AAD6C0029D491 /* CommentsViewModel.swift in Sources */ = {isa = PBXBuildFile; fileRef = F9859BA82B3AAD6C0029D491 /* CommentsViewModel.swift */; };
		F9859BAC2B3AAFDF0029D491 /* CommentCell.swift in Sources */ = {isa = PBXBuildFile; fileRef = F9859BAA2B3AAFDF0029D491 /* CommentCell.swift */; };
		F9859BAD2B3AAFDF0029D491 /* CommentCell.xib in Resources */ = {isa = PBXBuildFile; fileRef = F9859BAB2B3AAFDF0029D491 /* CommentCell.xib */; };
		F9859BB02B3AAFEC0029D491 /* ReplyCell.swift in Sources */ = {isa = PBXBuildFile; fileRef = F9859BAE2B3AAFEC0029D491 /* ReplyCell.swift */; };
		F9859BB12B3AAFEC0029D491 /* ReplyCell.xib in Resources */ = {isa = PBXBuildFile; fileRef = F9859BAF2B3AAFEC0029D491 /* ReplyCell.xib */; };
		F9859BBB2B3ABA7D0029D491 /* UIViewController+Extension.swift in Sources */ = {isa = PBXBuildFile; fileRef = F9859BBA2B3ABA7D0029D491 /* UIViewController+Extension.swift */; };
/* End PBXBuildFile section */

/* Begin PBXContainerItemProxy section */
		F9859B552B39A48F0029D491 /* PBXContainerItemProxy */ = {
			isa = PBXContainerItemProxy;
			containerPortal = F9859B332B39A48E0029D491 /* Project object */;
			proxyType = 1;
			remoteGlobalIDString = F9859B3A2B39A48E0029D491;
			remoteInfo = FolderAndFeed;
		};
		F9859B5F2B39A48F0029D491 /* PBXContainerItemProxy */ = {
			isa = PBXContainerItemProxy;
			containerPortal = F9859B332B39A48E0029D491 /* Project object */;
			proxyType = 1;
			remoteGlobalIDString = F9859B3A2B39A48E0029D491;
			remoteInfo = FolderAndFeed;
		};
/* End PBXContainerItemProxy section */

/* Begin PBXFileReference section */
		F9859B3B2B39A48E0029D491 /* FolderAndFeed.app */ = {isa = PBXFileReference; explicitFileType = wrapper.application; includeInIndex = 0; path = FolderAndFeed.app; sourceTree = BUILT_PRODUCTS_DIR; };
		F9859B3E2B39A48E0029D491 /* AppDelegate.swift */ = {isa = PBXFileReference; lastKnownFileType = sourcecode.swift; path = AppDelegate.swift; sourceTree = "<group>"; };
		F9859B452B39A48E0029D491 /* Base */ = {isa = PBXFileReference; lastKnownFileType = file.storyboard; name = Base; path = Base.lproj/Main.storyboard; sourceTree = "<group>"; };
		F9859B482B39A48E0029D491 /* FolderAndFeed.xcdatamodel */ = {isa = PBXFileReference; lastKnownFileType = wrapper.xcdatamodel; path = FolderAndFeed.xcdatamodel; sourceTree = "<group>"; };
		F9859B4A2B39A48F0029D491 /* Assets.xcassets */ = {isa = PBXFileReference; lastKnownFileType = folder.assetcatalog; path = Assets.xcassets; sourceTree = "<group>"; };
		F9859B4D2B39A48F0029D491 /* Base */ = {isa = PBXFileReference; lastKnownFileType = file.storyboard; name = Base; path = Base.lproj/LaunchScreen.storyboard; sourceTree = "<group>"; };
		F9859B4F2B39A48F0029D491 /* Info.plist */ = {isa = PBXFileReference; lastKnownFileType = text.plist.xml; path = Info.plist; sourceTree = "<group>"; };
		F9859B542B39A48F0029D491 /* FolderAndFeedTests.xctest */ = {isa = PBXFileReference; explicitFileType = wrapper.cfbundle; includeInIndex = 0; path = FolderAndFeedTests.xctest; sourceTree = BUILT_PRODUCTS_DIR; };
		F9859B582B39A48F0029D491 /* FolderAndFeedTests.swift */ = {isa = PBXFileReference; lastKnownFileType = sourcecode.swift; path = FolderAndFeedTests.swift; sourceTree = "<group>"; };
		F9859B5E2B39A48F0029D491 /* FolderAndFeedUITests.xctest */ = {isa = PBXFileReference; explicitFileType = wrapper.cfbundle; includeInIndex = 0; path = FolderAndFeedUITests.xctest; sourceTree = BUILT_PRODUCTS_DIR; };
		F9859B622B39A48F0029D491 /* FolderAndFeedUITests.swift */ = {isa = PBXFileReference; lastKnownFileType = sourcecode.swift; path = FolderAndFeedUITests.swift; sourceTree = "<group>"; };
		F9859B642B39A48F0029D491 /* FolderAndFeedUITestsLaunchTests.swift */ = {isa = PBXFileReference; lastKnownFileType = sourcecode.swift; path = FolderAndFeedUITestsLaunchTests.swift; sourceTree = "<group>"; };
		F9859B722B39B1A00029D491 /* HomeViewController.swift */ = {isa = PBXFileReference; lastKnownFileType = sourcecode.swift; path = HomeViewController.swift; sourceTree = "<group>"; };
		F9859B752B39C3C30029D491 /* FileManager+Extension.swift .swift */ = {isa = PBXFileReference; lastKnownFileType = sourcecode.swift; path = "FileManager+Extension.swift .swift"; sourceTree = "<group>"; };
		F9859B782B39C5270029D491 /* FolderListViewController.swift */ = {isa = PBXFileReference; lastKnownFileType = sourcecode.swift; path = FolderListViewController.swift; sourceTree = "<group>"; };
		F9859B7B2B39C60C0029D491 /* Constants.swift */ = {isa = PBXFileReference; lastKnownFileType = sourcecode.swift; path = Constants.swift; sourceTree = "<group>"; };
		F9859B7D2B39C6BC0029D491 /* FolderListViewModel.swift */ = {isa = PBXFileReference; lastKnownFileType = sourcecode.swift; path = FolderListViewModel.swift; sourceTree = "<group>"; };
		F9859B7F2B39D6180029D491 /* FolderCell.swift */ = {isa = PBXFileReference; lastKnownFileType = sourcecode.swift; path = FolderCell.swift; sourceTree = "<group>"; };
		F9859B802B39D6180029D491 /* FolderCell.xib */ = {isa = PBXFileReference; lastKnownFileType = file.xib; path = FolderCell.xib; sourceTree = "<group>"; };
		F9859B832B39D7730029D491 /* UITableView+Common.swift */ = {isa = PBXFileReference; fileEncoding = 4; lastKnownFileType = sourcecode.swift; path = "UITableView+Common.swift"; sourceTree = "<group>"; };
		F9859B842B39D7730029D491 /* UICollectionView+Common.swift */ = {isa = PBXFileReference; fileEncoding = 4; lastKnownFileType = sourcecode.swift; path = "UICollectionView+Common.swift"; sourceTree = "<group>"; };
		F9859B8A2B3A2ADF0029D491 /* WebServiceManager.swift */ = {isa = PBXFileReference; fileEncoding = 4; lastKnownFileType = sourcecode.swift; path = WebServiceManager.swift; sourceTree = "<group>"; };
		F9859B8C2B3A2C2C0029D491 /* FeedListViewController.swift */ = {isa = PBXFileReference; lastKnownFileType = sourcecode.swift; path = FeedListViewController.swift; sourceTree = "<group>"; };
		F9859B8E2B3A2CE90029D491 /* FeedListViewModel.swift */ = {isa = PBXFileReference; lastKnownFileType = sourcecode.swift; path = FeedListViewModel.swift; sourceTree = "<group>"; };
		F9859B902B3A2DC10029D491 /* FeedModel.swift */ = {isa = PBXFileReference; lastKnownFileType = sourcecode.swift; path = FeedModel.swift; sourceTree = "<group>"; };
		F9859B922B3A33C90029D491 /* FeedListCell.swift */ = {isa = PBXFileReference; lastKnownFileType = sourcecode.swift; path = FeedListCell.swift; sourceTree = "<group>"; };
		F9859B932B3A33C90029D491 /* FeedListCell.xib */ = {isa = PBXFileReference; lastKnownFileType = file.xib; path = FeedListCell.xib; sourceTree = "<group>"; };
		F9859B992B3A3E6F0029D491 /* UIImageView+Async.swift */ = {isa = PBXFileReference; lastKnownFileType = sourcecode.swift; path = "UIImageView+Async.swift"; sourceTree = "<group>"; };
		F9859B9B2B3A40F80029D491 /* Colors.xcassets */ = {isa = PBXFileReference; lastKnownFileType = folder.assetcatalog; path = Colors.xcassets; sourceTree = "<group>"; };
		F9859B9D2B3A4F950029D491 /* Date+Extension.swift */ = {isa = PBXFileReference; lastKnownFileType = sourcecode.swift; path = "Date+Extension.swift"; sourceTree = "<group>"; };
		F9859B9F2B3A4FE90029D491 /* String+Extension.swift */ = {isa = PBXFileReference; lastKnownFileType = sourcecode.swift; path = "String+Extension.swift"; sourceTree = "<group>"; };
		F9859BA42B3AAC180029D491 /* CommentsViewController.swift */ = {isa = PBXFileReference; lastKnownFileType = sourcecode.swift; path = CommentsViewController.swift; sourceTree = "<group>"; };
		F9859BA62B3AACF10029D491 /* CommentModel.swift */ = {isa = PBXFileReference; lastKnownFileType = sourcecode.swift; path = CommentModel.swift; sourceTree = "<group>"; };
		F9859BA82B3AAD6C0029D491 /* CommentsViewModel.swift */ = {isa = PBXFileReference; lastKnownFileType = sourcecode.swift; path = CommentsViewModel.swift; sourceTree = "<group>"; };
		F9859BAA2B3AAFDF0029D491 /* CommentCell.swift */ = {isa = PBXFileReference; lastKnownFileType = sourcecode.swift; path = CommentCell.swift; sourceTree = "<group>"; };
		F9859BAB2B3AAFDF0029D491 /* CommentCell.xib */ = {isa = PBXFileReference; lastKnownFileType = file.xib; path = CommentCell.xib; sourceTree = "<group>"; };
		F9859BAE2B3AAFEC0029D491 /* ReplyCell.swift */ = {isa = PBXFileReference; lastKnownFileType = sourcecode.swift; path = ReplyCell.swift; sourceTree = "<group>"; };
		F9859BAF2B3AAFEC0029D491 /* ReplyCell.xib */ = {isa = PBXFileReference; lastKnownFileType = file.xib; path = ReplyCell.xib; sourceTree = "<group>"; };
		F9859BBA2B3ABA7D0029D491 /* UIViewController+Extension.swift */ = {isa = PBXFileReference; lastKnownFileType = sourcecode.swift; path = "UIViewController+Extension.swift"; sourceTree = "<group>"; };
/* End PBXFileReference section */

/* Begin PBXFrameworksBuildPhase section */
		F9859B382B39A48E0029D491 /* Frameworks */ = {
			isa = PBXFrameworksBuildPhase;
			buildActionMask = 2147483647;
			files = (
				F9859B982B3A3E2C0029D491 /* Kingfisher in Frameworks */,
			);
			runOnlyForDeploymentPostprocessing = 0;
		};
		F9859B512B39A48F0029D491 /* Frameworks */ = {
			isa = PBXFrameworksBuildPhase;
			buildActionMask = 2147483647;
			files = (
			);
			runOnlyForDeploymentPostprocessing = 0;
		};
		F9859B5B2B39A48F0029D491 /* Frameworks */ = {
			isa = PBXFrameworksBuildPhase;
			buildActionMask = 2147483647;
			files = (
			);
			runOnlyForDeploymentPostprocessing = 0;
		};
/* End PBXFrameworksBuildPhase section */

/* Begin PBXGroup section */
		F9859B322B39A48E0029D491 = {
			isa = PBXGroup;
			children = (
				F9859B3D2B39A48E0029D491 /* FolderAndFeed */,
				F9859B572B39A48F0029D491 /* FolderAndFeedTests */,
				F9859B612B39A48F0029D491 /* FolderAndFeedUITests */,
				F9859B3C2B39A48E0029D491 /* Products */,
			);
			sourceTree = "<group>";
		};
		F9859B3C2B39A48E0029D491 /* Products */ = {
			isa = PBXGroup;
			children = (
				F9859B3B2B39A48E0029D491 /* FolderAndFeed.app */,
				F9859B542B39A48F0029D491 /* FolderAndFeedTests.xctest */,
				F9859B5E2B39A48F0029D491 /* FolderAndFeedUITests.xctest */,
			);
			name = Products;
			sourceTree = "<group>";
		};
		F9859B3D2B39A48E0029D491 /* FolderAndFeed */ = {
			isa = PBXGroup;
			children = (
				F9859B442B39A48E0029D491 /* Main.storyboard */,
				F9859B712B39B0660029D491 /* Home */,
				F9859B772B39C4C30029D491 /* FolderList */,
				F9859B892B3A1FE00029D491 /* FeedList */,
				F9859BA12B3AAB0A0029D491 /* Comments */,
				F9859B7A2B39C5F70029D491 /* Utility */,
				F9859B742B39C3560029D491 /* Extension */,
				F9859B4F2B39A48F0029D491 /* Info.plist */,
				F9859B3E2B39A48E0029D491 /* AppDelegate.swift */,
				F9859B4A2B39A48F0029D491 /* Assets.xcassets */,
				F9859B9B2B3A40F80029D491 /* Colors.xcassets */,
				F9859B472B39A48E0029D491 /* FolderAndFeed.xcdatamodeld */,
				F9859B4C2B39A48F0029D491 /* LaunchScreen.storyboard */,
			);
			path = FolderAndFeed;
			sourceTree = "<group>";
		};
		F9859B572B39A48F0029D491 /* FolderAndFeedTests */ = {
			isa = PBXGroup;
			children = (
				F9859B582B39A48F0029D491 /* FolderAndFeedTests.swift */,
			);
			path = FolderAndFeedTests;
			sourceTree = "<group>";
		};
		F9859B612B39A48F0029D491 /* FolderAndFeedUITests */ = {
			isa = PBXGroup;
			children = (
				F9859B622B39A48F0029D491 /* FolderAndFeedUITests.swift */,
				F9859B642B39A48F0029D491 /* FolderAndFeedUITestsLaunchTests.swift */,
			);
			path = FolderAndFeedUITests;
			sourceTree = "<group>";
		};
		F9859B712B39B0660029D491 /* Home */ = {
			isa = PBXGroup;
			children = (
				F9859B722B39B1A00029D491 /* HomeViewController.swift */,
			);
			path = Home;
			sourceTree = "<group>";
		};
		F9859B742B39C3560029D491 /* Extension */ = {
			isa = PBXGroup;
			children = (
				F9859B832B39D7730029D491 /* UITableView+Common.swift */,
				F9859B842B39D7730029D491 /* UICollectionView+Common.swift */,
				F9859B752B39C3C30029D491 /* FileManager+Extension.swift .swift */,
				F9859B992B3A3E6F0029D491 /* UIImageView+Async.swift */,
				F9859B9D2B3A4F950029D491 /* Date+Extension.swift */,
				F9859B9F2B3A4FE90029D491 /* String+Extension.swift */,
				F9859BBA2B3ABA7D0029D491 /* UIViewController+Extension.swift */,
			);
			path = Extension;
			sourceTree = "<group>";
		};
		F9859B772B39C4C30029D491 /* FolderList */ = {
			isa = PBXGroup;
			children = (
				F9859BB82B3AB0760029D491 /* View */,
				F9859BB92B3AB0930029D491 /* ViewModel */,
			);
			path = FolderList;
			sourceTree = "<group>";
		};
		F9859B7A2B39C5F70029D491 /* Utility */ = {
			isa = PBXGroup;
			children = (
				F9859B7B2B39C60C0029D491 /* Constants.swift */,
				F9859B8A2B3A2ADF0029D491 /* WebServiceManager.swift */,
			);
			path = Utility;
			sourceTree = "<group>";
		};
		F9859B892B3A1FE00029D491 /* FeedList */ = {
			isa = PBXGroup;
			children = (
				F9859BB52B3AB0360029D491 /* Model */,
				F9859BB62B3AB03F0029D491 /* View */,
				F9859BB72B3AB0610029D491 /* ViewModel */,
			);
			path = FeedList;
			sourceTree = "<group>";
		};
		F9859BA12B3AAB0A0029D491 /* Comments */ = {
			isa = PBXGroup;
			children = (
				F9859BB42B3AB0050029D491 /* Model */,
				F9859BB22B3AAFF20029D491 /* View */,
				F9859BB32B3AAFFB0029D491 /* ViewModel */,
				F9859BA82B3AAD6C0029D491 /* CommentsViewModel.swift */,
			);
			path = Comments;
			sourceTree = "<group>";
		};
		F9859BB22B3AAFF20029D491 /* View */ = {
			isa = PBXGroup;
			children = (
				F9859BAA2B3AAFDF0029D491 /* CommentCell.swift */,
				F9859BAB2B3AAFDF0029D491 /* CommentCell.xib */,
				F9859BAE2B3AAFEC0029D491 /* ReplyCell.swift */,
				F9859BAF2B3AAFEC0029D491 /* ReplyCell.xib */,
				F9859BA42B3AAC180029D491 /* CommentsViewController.swift */,
			);
			path = View;
			sourceTree = "<group>";
		};
		F9859BB32B3AAFFB0029D491 /* ViewModel */ = {
			isa = PBXGroup;
			children = (
			);
			path = ViewModel;
			sourceTree = "<group>";
		};
		F9859BB42B3AB0050029D491 /* Model */ = {
			isa = PBXGroup;
			children = (
				F9859BA62B3AACF10029D491 /* CommentModel.swift */,
			);
			path = Model;
			sourceTree = "<group>";
		};
		F9859BB52B3AB0360029D491 /* Model */ = {
			isa = PBXGroup;
			children = (
				F9859B902B3A2DC10029D491 /* FeedModel.swift */,
			);
			path = Model;
			sourceTree = "<group>";
		};
		F9859BB62B3AB03F0029D491 /* View */ = {
			isa = PBXGroup;
			children = (
				F9859B922B3A33C90029D491 /* FeedListCell.swift */,
				F9859B932B3A33C90029D491 /* FeedListCell.xib */,
				F9859B8C2B3A2C2C0029D491 /* FeedListViewController.swift */,
			);
			path = View;
			sourceTree = "<group>";
		};
		F9859BB72B3AB0610029D491 /* ViewModel */ = {
			isa = PBXGroup;
			children = (
				F9859B8E2B3A2CE90029D491 /* FeedListViewModel.swift */,
			);
			path = ViewModel;
			sourceTree = "<group>";
		};
		F9859BB82B3AB0760029D491 /* View */ = {
			isa = PBXGroup;
			children = (
				F9859B7F2B39D6180029D491 /* FolderCell.swift */,
				F9859B802B39D6180029D491 /* FolderCell.xib */,
				F9859B782B39C5270029D491 /* FolderListViewController.swift */,
			);
			path = View;
			sourceTree = "<group>";
		};
		F9859BB92B3AB0930029D491 /* ViewModel */ = {
			isa = PBXGroup;
			children = (
				F9859B7D2B39C6BC0029D491 /* FolderListViewModel.swift */,
			);
			path = ViewModel;
			sourceTree = "<group>";
		};
/* End PBXGroup section */

/* Begin PBXNativeTarget section */
		F9859B3A2B39A48E0029D491 /* FolderAndFeed */ = {
			isa = PBXNativeTarget;
			buildConfigurationList = F9859B682B39A48F0029D491 /* Build configuration list for PBXNativeTarget "FolderAndFeed" */;
			buildPhases = (
				F9859B372B39A48E0029D491 /* Sources */,
				F9859B382B39A48E0029D491 /* Frameworks */,
				F9859B392B39A48E0029D491 /* Resources */,
			);
			buildRules = (
			);
			dependencies = (
			);
			name = FolderAndFeed;
			packageProductDependencies = (
				F9859B972B3A3E2C0029D491 /* Kingfisher */,
			);
			productName = FolderAndFeed;
			productReference = F9859B3B2B39A48E0029D491 /* FolderAndFeed.app */;
			productType = "com.apple.product-type.application";
		};
		F9859B532B39A48F0029D491 /* FolderAndFeedTests */ = {
			isa = PBXNativeTarget;
			buildConfigurationList = F9859B6B2B39A48F0029D491 /* Build configuration list for PBXNativeTarget "FolderAndFeedTests" */;
			buildPhases = (
				F9859B502B39A48F0029D491 /* Sources */,
				F9859B512B39A48F0029D491 /* Frameworks */,
				F9859B522B39A48F0029D491 /* Resources */,
			);
			buildRules = (
			);
			dependencies = (
				F9859B562B39A48F0029D491 /* PBXTargetDependency */,
			);
			name = FolderAndFeedTests;
			productName = FolderAndFeedTests;
			productReference = F9859B542B39A48F0029D491 /* FolderAndFeedTests.xctest */;
			productType = "com.apple.product-type.bundle.unit-test";
		};
		F9859B5D2B39A48F0029D491 /* FolderAndFeedUITests */ = {
			isa = PBXNativeTarget;
			buildConfigurationList = F9859B6E2B39A48F0029D491 /* Build configuration list for PBXNativeTarget "FolderAndFeedUITests" */;
			buildPhases = (
				F9859B5A2B39A48F0029D491 /* Sources */,
				F9859B5B2B39A48F0029D491 /* Frameworks */,
				F9859B5C2B39A48F0029D491 /* Resources */,
			);
			buildRules = (
			);
			dependencies = (
				F9859B602B39A48F0029D491 /* PBXTargetDependency */,
			);
			name = FolderAndFeedUITests;
			productName = FolderAndFeedUITests;
			productReference = F9859B5E2B39A48F0029D491 /* FolderAndFeedUITests.xctest */;
			productType = "com.apple.product-type.bundle.ui-testing";
		};
/* End PBXNativeTarget section */

/* Begin PBXProject section */
		F9859B332B39A48E0029D491 /* Project object */ = {
			isa = PBXProject;
			attributes = {
				BuildIndependentTargetsInParallel = 1;
				LastSwiftUpdateCheck = 1410;
				LastUpgradeCheck = 1410;
				TargetAttributes = {
					F9859B3A2B39A48E0029D491 = {
						CreatedOnToolsVersion = 14.1;
					};
					F9859B532B39A48F0029D491 = {
						CreatedOnToolsVersion = 14.1;
						TestTargetID = F9859B3A2B39A48E0029D491;
					};
					F9859B5D2B39A48F0029D491 = {
						CreatedOnToolsVersion = 14.1;
						TestTargetID = F9859B3A2B39A48E0029D491;
					};
				};
			};
			buildConfigurationList = F9859B362B39A48E0029D491 /* Build configuration list for PBXProject "FolderAndFeed" */;
			compatibilityVersion = "Xcode 14.0";
			developmentRegion = en;
			hasScannedForEncodings = 0;
			knownRegions = (
				en,
				Base,
			);
			mainGroup = F9859B322B39A48E0029D491;
			packageReferences = (
				F9859B962B3A3E2C0029D491 /* XCRemoteSwiftPackageReference "Kingfisher" */,
			);
			productRefGroup = F9859B3C2B39A48E0029D491 /* Products */;
			projectDirPath = "";
			projectRoot = "";
			targets = (
				F9859B3A2B39A48E0029D491 /* FolderAndFeed */,
				F9859B532B39A48F0029D491 /* FolderAndFeedTests */,
				F9859B5D2B39A48F0029D491 /* FolderAndFeedUITests */,
			);
		};
/* End PBXProject section */

/* Begin PBXResourcesBuildPhase section */
		F9859B392B39A48E0029D491 /* Resources */ = {
			isa = PBXResourcesBuildPhase;
			buildActionMask = 2147483647;
			files = (
				F9859B952B3A33C90029D491 /* FeedListCell.xib in Resources */,
				F9859B4E2B39A48F0029D491 /* LaunchScreen.storyboard in Resources */,
				F9859BB12B3AAFEC0029D491 /* ReplyCell.xib in Resources */,
				F9859B4B2B39A48F0029D491 /* Assets.xcassets in Resources */,
				F9859B9C2B3A40F80029D491 /* Colors.xcassets in Resources */,
				F9859B462B39A48E0029D491 /* Main.storyboard in Resources */,
				F9859B822B39D6180029D491 /* FolderCell.xib in Resources */,
				F9859BAD2B3AAFDF0029D491 /* CommentCell.xib in Resources */,
			);
			runOnlyForDeploymentPostprocessing = 0;
		};
		F9859B522B39A48F0029D491 /* Resources */ = {
			isa = PBXResourcesBuildPhase;
			buildActionMask = 2147483647;
			files = (
			);
			runOnlyForDeploymentPostprocessing = 0;
		};
		F9859B5C2B39A48F0029D491 /* Resources */ = {
			isa = PBXResourcesBuildPhase;
			buildActionMask = 2147483647;
			files = (
			);
			runOnlyForDeploymentPostprocessing = 0;
		};
/* End PBXResourcesBuildPhase section */

/* Begin PBXSourcesBuildPhase section */
		F9859B372B39A48E0029D491 /* Sources */ = {
			isa = PBXSourcesBuildPhase;
			buildActionMask = 2147483647;
			files = (
				F9859BBB2B3ABA7D0029D491 /* UIViewController+Extension.swift in Sources */,
				F9859B492B39A48E0029D491 /* FolderAndFeed.xcdatamodeld in Sources */,
				F9859B852B39D7730029D491 /* UITableView+Common.swift in Sources */,
				F9859B792B39C5270029D491 /* FolderListViewController.swift in Sources */,
				F9859BAC2B3AAFDF0029D491 /* CommentCell.swift in Sources */,
				F9859B7E2B39C6BC0029D491 /* FolderListViewModel.swift in Sources */,
				F9859B3F2B39A48E0029D491 /* AppDelegate.swift in Sources */,
				F9859B732B39B1A00029D491 /* HomeViewController.swift in Sources */,
				F9859B8D2B3A2C2C0029D491 /* FeedListViewController.swift in Sources */,
				F9859BB02B3AAFEC0029D491 /* ReplyCell.swift in Sources */,
				F9859BA52B3AAC180029D491 /* CommentsViewController.swift in Sources */,
				F9859B9A2B3A3E6F0029D491 /* UIImageView+Async.swift in Sources */,
				F9859B762B39C3C30029D491 /* FileManager+Extension.swift .swift in Sources */,
				F9859B9E2B3A4F950029D491 /* Date+Extension.swift in Sources */,
				F9859BA02B3A4FE90029D491 /* String+Extension.swift in Sources */,
				F9859BA92B3AAD6C0029D491 /* CommentsViewModel.swift in Sources */,
				F9859B862B39D7730029D491 /* UICollectionView+Common.swift in Sources */,
				F9859B8B2B3A2ADF0029D491 /* WebServiceManager.swift in Sources */,
				F9859B8F2B3A2CE90029D491 /* FeedListViewModel.swift in Sources */,
				F9859B912B3A2DC10029D491 /* FeedModel.swift in Sources */,
				F9859B942B3A33C90029D491 /* FeedListCell.swift in Sources */,
				F9859BA72B3AACF10029D491 /* CommentModel.swift in Sources */,
				F9859B7C2B39C60C0029D491 /* Constants.swift in Sources */,
				F9859B812B39D6180029D491 /* FolderCell.swift in Sources */,
			);
			runOnlyForDeploymentPostprocessing = 0;
		};
		F9859B502B39A48F0029D491 /* Sources */ = {
			isa = PBXSourcesBuildPhase;
			buildActionMask = 2147483647;
			files = (
				F9859B592B39A48F0029D491 /* FolderAndFeedTests.swift in Sources */,
			);
			runOnlyForDeploymentPostprocessing = 0;
		};
		F9859B5A2B39A48F0029D491 /* Sources */ = {
			isa = PBXSourcesBuildPhase;
			buildActionMask = 2147483647;
			files = (
				F9859B652B39A48F0029D491 /* FolderAndFeedUITestsLaunchTests.swift in Sources */,
				F9859B632B39A48F0029D491 /* FolderAndFeedUITests.swift in Sources */,
			);
			runOnlyForDeploymentPostprocessing = 0;
		};
/* End PBXSourcesBuildPhase section */

/* Begin PBXTargetDependency section */
		F9859B562B39A48F0029D491 /* PBXTargetDependency */ = {
			isa = PBXTargetDependency;
			target = F9859B3A2B39A48E0029D491 /* FolderAndFeed */;
			targetProxy = F9859B552B39A48F0029D491 /* PBXContainerItemProxy */;
		};
		F9859B602B39A48F0029D491 /* PBXTargetDependency */ = {
			isa = PBXTargetDependency;
			target = F9859B3A2B39A48E0029D491 /* FolderAndFeed */;
			targetProxy = F9859B5F2B39A48F0029D491 /* PBXContainerItemProxy */;
		};
/* End PBXTargetDependency section */

/* Begin PBXVariantGroup section */
		F9859B442B39A48E0029D491 /* Main.storyboard */ = {
			isa = PBXVariantGroup;
			children = (
				F9859B452B39A48E0029D491 /* Base */,
			);
			name = Main.storyboard;
			sourceTree = "<group>";
		};
		F9859B4C2B39A48F0029D491 /* LaunchScreen.storyboard */ = {
			isa = PBXVariantGroup;
			children = (
				F9859B4D2B39A48F0029D491 /* Base */,
			);
			name = LaunchScreen.storyboard;
			sourceTree = "<group>";
		};
/* End PBXVariantGroup section */

/* Begin XCBuildConfiguration section */
		F9859B662B39A48F0029D491 /* Debug */ = {
			isa = XCBuildConfiguration;
			buildSettings = {
				ALWAYS_SEARCH_USER_PATHS = NO;
				CLANG_ANALYZER_NONNULL = YES;
				CLANG_ANALYZER_NUMBER_OBJECT_CONVERSION = YES_AGGRESSIVE;
				CLANG_CXX_LANGUAGE_STANDARD = "gnu++20";
				CLANG_ENABLE_MODULES = YES;
				CLANG_ENABLE_OBJC_ARC = YES;
				CLANG_ENABLE_OBJC_WEAK = YES;
				CLANG_WARN_BLOCK_CAPTURE_AUTORELEASING = YES;
				CLANG_WARN_BOOL_CONVERSION = YES;
				CLANG_WARN_COMMA = YES;
				CLANG_WARN_CONSTANT_CONVERSION = YES;
				CLANG_WARN_DEPRECATED_OBJC_IMPLEMENTATIONS = YES;
				CLANG_WARN_DIRECT_OBJC_ISA_USAGE = YES_ERROR;
				CLANG_WARN_DOCUMENTATION_COMMENTS = YES;
				CLANG_WARN_EMPTY_BODY = YES;
				CLANG_WARN_ENUM_CONVERSION = YES;
				CLANG_WARN_INFINITE_RECURSION = YES;
				CLANG_WARN_INT_CONVERSION = YES;
				CLANG_WARN_NON_LITERAL_NULL_CONVERSION = YES;
				CLANG_WARN_OBJC_IMPLICIT_RETAIN_SELF = YES;
				CLANG_WARN_OBJC_LITERAL_CONVERSION = YES;
				CLANG_WARN_OBJC_ROOT_CLASS = YES_ERROR;
				CLANG_WARN_QUOTED_INCLUDE_IN_FRAMEWORK_HEADER = YES;
				CLANG_WARN_RANGE_LOOP_ANALYSIS = YES;
				CLANG_WARN_STRICT_PROTOTYPES = YES;
				CLANG_WARN_SUSPICIOUS_MOVE = YES;
				CLANG_WARN_UNGUARDED_AVAILABILITY = YES_AGGRESSIVE;
				CLANG_WARN_UNREACHABLE_CODE = YES;
				CLANG_WARN__DUPLICATE_METHOD_MATCH = YES;
				COPY_PHASE_STRIP = NO;
				DEBUG_INFORMATION_FORMAT = dwarf;
				ENABLE_STRICT_OBJC_MSGSEND = YES;
				ENABLE_TESTABILITY = YES;
				GCC_C_LANGUAGE_STANDARD = gnu11;
				GCC_DYNAMIC_NO_PIC = NO;
				GCC_NO_COMMON_BLOCKS = YES;
				GCC_OPTIMIZATION_LEVEL = 0;
				GCC_PREPROCESSOR_DEFINITIONS = (
					"DEBUG=1",
					"$(inherited)",
				);
				GCC_WARN_64_TO_32_BIT_CONVERSION = YES;
				GCC_WARN_ABOUT_RETURN_TYPE = YES_ERROR;
				GCC_WARN_UNDECLARED_SELECTOR = YES;
				GCC_WARN_UNINITIALIZED_AUTOS = YES_AGGRESSIVE;
				GCC_WARN_UNUSED_FUNCTION = YES;
				GCC_WARN_UNUSED_VARIABLE = YES;
				IPHONEOS_DEPLOYMENT_TARGET = 16.1;
				MTL_ENABLE_DEBUG_INFO = INCLUDE_SOURCE;
				MTL_FAST_MATH = YES;
				ONLY_ACTIVE_ARCH = YES;
				SDKROOT = iphoneos;
				SWIFT_ACTIVE_COMPILATION_CONDITIONS = DEBUG;
				SWIFT_OPTIMIZATION_LEVEL = "-Onone";
			};
			name = Debug;
		};
		F9859B672B39A48F0029D491 /* Release */ = {
			isa = XCBuildConfiguration;
			buildSettings = {
				ALWAYS_SEARCH_USER_PATHS = NO;
				CLANG_ANALYZER_NONNULL = YES;
				CLANG_ANALYZER_NUMBER_OBJECT_CONVERSION = YES_AGGRESSIVE;
				CLANG_CXX_LANGUAGE_STANDARD = "gnu++20";
				CLANG_ENABLE_MODULES = YES;
				CLANG_ENABLE_OBJC_ARC = YES;
				CLANG_ENABLE_OBJC_WEAK = YES;
				CLANG_WARN_BLOCK_CAPTURE_AUTORELEASING = YES;
				CLANG_WARN_BOOL_CONVERSION = YES;
				CLANG_WARN_COMMA = YES;
				CLANG_WARN_CONSTANT_CONVERSION = YES;
				CLANG_WARN_DEPRECATED_OBJC_IMPLEMENTATIONS = YES;
				CLANG_WARN_DIRECT_OBJC_ISA_USAGE = YES_ERROR;
				CLANG_WARN_DOCUMENTATION_COMMENTS = YES;
				CLANG_WARN_EMPTY_BODY = YES;
				CLANG_WARN_ENUM_CONVERSION = YES;
				CLANG_WARN_INFINITE_RECURSION = YES;
				CLANG_WARN_INT_CONVERSION = YES;
				CLANG_WARN_NON_LITERAL_NULL_CONVERSION = YES;
				CLANG_WARN_OBJC_IMPLICIT_RETAIN_SELF = YES;
				CLANG_WARN_OBJC_LITERAL_CONVERSION = YES;
				CLANG_WARN_OBJC_ROOT_CLASS = YES_ERROR;
				CLANG_WARN_QUOTED_INCLUDE_IN_FRAMEWORK_HEADER = YES;
				CLANG_WARN_RANGE_LOOP_ANALYSIS = YES;
				CLANG_WARN_STRICT_PROTOTYPES = YES;
				CLANG_WARN_SUSPICIOUS_MOVE = YES;
				CLANG_WARN_UNGUARDED_AVAILABILITY = YES_AGGRESSIVE;
				CLANG_WARN_UNREACHABLE_CODE = YES;
				CLANG_WARN__DUPLICATE_METHOD_MATCH = YES;
				COPY_PHASE_STRIP = NO;
				DEBUG_INFORMATION_FORMAT = "dwarf-with-dsym";
				ENABLE_NS_ASSERTIONS = NO;
				ENABLE_STRICT_OBJC_MSGSEND = YES;
				GCC_C_LANGUAGE_STANDARD = gnu11;
				GCC_NO_COMMON_BLOCKS = YES;
				GCC_WARN_64_TO_32_BIT_CONVERSION = YES;
				GCC_WARN_ABOUT_RETURN_TYPE = YES_ERROR;
				GCC_WARN_UNDECLARED_SELECTOR = YES;
				GCC_WARN_UNINITIALIZED_AUTOS = YES_AGGRESSIVE;
				GCC_WARN_UNUSED_FUNCTION = YES;
				GCC_WARN_UNUSED_VARIABLE = YES;
				IPHONEOS_DEPLOYMENT_TARGET = 16.1;
				MTL_ENABLE_DEBUG_INFO = NO;
				MTL_FAST_MATH = YES;
				SDKROOT = iphoneos;
				SWIFT_COMPILATION_MODE = wholemodule;
				SWIFT_OPTIMIZATION_LEVEL = "-O";
				VALIDATE_PRODUCT = YES;
			};
			name = Release;
		};
		F9859B692B39A48F0029D491 /* Debug */ = {
			isa = XCBuildConfiguration;
			buildSettings = {
				ASSETCATALOG_COMPILER_APPICON_NAME = AppIcon;
				ASSETCATALOG_COMPILER_GLOBAL_ACCENT_COLOR_NAME = AccentColor;
				CODE_SIGN_STYLE = Automatic;
				CURRENT_PROJECT_VERSION = 1;
				GENERATE_INFOPLIST_FILE = YES;
				INFOPLIST_FILE = FolderAndFeed/Info.plist;
				INFOPLIST_KEY_UIApplicationSupportsIndirectInputEvents = YES;
				INFOPLIST_KEY_UILaunchStoryboardName = LaunchScreen;
				INFOPLIST_KEY_UIMainStoryboardFile = Main;
				INFOPLIST_KEY_UISupportedInterfaceOrientations_iPad = "UIInterfaceOrientationPortrait UIInterfaceOrientationPortraitUpsideDown UIInterfaceOrientationLandscapeLeft UIInterfaceOrientationLandscapeRight";
				INFOPLIST_KEY_UISupportedInterfaceOrientations_iPhone = "UIInterfaceOrientationPortrait UIInterfaceOrientationLandscapeLeft UIInterfaceOrientationLandscapeRight";
				LD_RUNPATH_SEARCH_PATHS = (
					"$(inherited)",
					"@executable_path/Frameworks",
				);
				MARKETING_VERSION = 1.0;
				PRODUCT_BUNDLE_IDENTIFIER = Pratik.FolderAndFeed;
				PRODUCT_NAME = "$(TARGET_NAME)";
				SWIFT_EMIT_LOC_STRINGS = YES;
				SWIFT_VERSION = 5.0;
				TARGETED_DEVICE_FAMILY = "1,2";
			};
			name = Debug;
		};
		F9859B6A2B39A48F0029D491 /* Release */ = {
			isa = XCBuildConfiguration;
			buildSettings = {
				ASSETCATALOG_COMPILER_APPICON_NAME = AppIcon;
				ASSETCATALOG_COMPILER_GLOBAL_ACCENT_COLOR_NAME = AccentColor;
				CODE_SIGN_STYLE = Automatic;
				CURRENT_PROJECT_VERSION = 1;
				GENERATE_INFOPLIST_FILE = YES;
				INFOPLIST_FILE = FolderAndFeed/Info.plist;
				INFOPLIST_KEY_UIApplicationSupportsIndirectInputEvents = YES;
				INFOPLIST_KEY_UILaunchStoryboardName = LaunchScreen;
				INFOPLIST_KEY_UIMainStoryboardFile = Main;
				INFOPLIST_KEY_UISupportedInterfaceOrientations_iPad = "UIInterfaceOrientationPortrait UIInterfaceOrientationPortraitUpsideDown UIInterfaceOrientationLandscapeLeft UIInterfaceOrientationLandscapeRight";
				INFOPLIST_KEY_UISupportedInterfaceOrientations_iPhone = "UIInterfaceOrientationPortrait UIInterfaceOrientationLandscapeLeft UIInterfaceOrientationLandscapeRight";
				LD_RUNPATH_SEARCH_PATHS = (
					"$(inherited)",
					"@executable_path/Frameworks",
				);
				MARKETING_VERSION = 1.0;
				PRODUCT_BUNDLE_IDENTIFIER = Pratik.FolderAndFeed;
				PRODUCT_NAME = "$(TARGET_NAME)";
				SWIFT_EMIT_LOC_STRINGS = YES;
				SWIFT_VERSION = 5.0;
				TARGETED_DEVICE_FAMILY = "1,2";
			};
			name = Release;
		};
		F9859B6C2B39A48F0029D491 /* Debug */ = {
			isa = XCBuildConfiguration;
			buildSettings = {
				ALWAYS_EMBED_SWIFT_STANDARD_LIBRARIES = YES;
				BUNDLE_LOADER = "$(TEST_HOST)";
				CODE_SIGN_STYLE = Automatic;
				CURRENT_PROJECT_VERSION = 1;
				GENERATE_INFOPLIST_FILE = YES;
				IPHONEOS_DEPLOYMENT_TARGET = 16.1;
				MARKETING_VERSION = 1.0;
				PRODUCT_BUNDLE_IDENTIFIER = Pratik.FolderAndFeedTests;
				PRODUCT_NAME = "$(TARGET_NAME)";
				SWIFT_EMIT_LOC_STRINGS = NO;
				SWIFT_VERSION = 5.0;
				TARGETED_DEVICE_FAMILY = "1,2";
				TEST_HOST = "$(BUILT_PRODUCTS_DIR)/FolderAndFeed.app/$(BUNDLE_EXECUTABLE_FOLDER_PATH)/FolderAndFeed";
			};
			name = Debug;
		};
		F9859B6D2B39A48F0029D491 /* Release */ = {
			isa = XCBuildConfiguration;
			buildSettings = {
				ALWAYS_EMBED_SWIFT_STANDARD_LIBRARIES = YES;
				BUNDLE_LOADER = "$(TEST_HOST)";
				CODE_SIGN_STYLE = Automatic;
				CURRENT_PROJECT_VERSION = 1;
				GENERATE_INFOPLIST_FILE = YES;
				IPHONEOS_DEPLOYMENT_TARGET = 16.1;
				MARKETING_VERSION = 1.0;
				PRODUCT_BUNDLE_IDENTIFIER = Pratik.FolderAndFeedTests;
				PRODUCT_NAME = "$(TARGET_NAME)";
				SWIFT_EMIT_LOC_STRINGS = NO;
				SWIFT_VERSION = 5.0;
				TARGETED_DEVICE_FAMILY = "1,2";
				TEST_HOST = "$(BUILT_PRODUCTS_DIR)/FolderAndFeed.app/$(BUNDLE_EXECUTABLE_FOLDER_PATH)/FolderAndFeed";
			};
			name = Release;
		};
		F9859B6F2B39A48F0029D491 /* Debug */ = {
			isa = XCBuildConfiguration;
			buildSettings = {
				ALWAYS_EMBED_SWIFT_STANDARD_LIBRARIES = YES;
				CODE_SIGN_STYLE = Automatic;
				CURRENT_PROJECT_VERSION = 1;
				GENERATE_INFOPLIST_FILE = YES;
				MARKETING_VERSION = 1.0;
				PRODUCT_BUNDLE_IDENTIFIER = Pratik.FolderAndFeedUITests;
				PRODUCT_NAME = "$(TARGET_NAME)";
				SWIFT_EMIT_LOC_STRINGS = NO;
				SWIFT_VERSION = 5.0;
				TARGETED_DEVICE_FAMILY = "1,2";
				TEST_TARGET_NAME = FolderAndFeed;
			};
			name = Debug;
		};
		F9859B702B39A48F0029D491 /* Release */ = {
			isa = XCBuildConfiguration;
			buildSettings = {
				ALWAYS_EMBED_SWIFT_STANDARD_LIBRARIES = YES;
				CODE_SIGN_STYLE = Automatic;
				CURRENT_PROJECT_VERSION = 1;
				GENERATE_INFOPLIST_FILE = YES;
				MARKETING_VERSION = 1.0;
				PRODUCT_BUNDLE_IDENTIFIER = Pratik.FolderAndFeedUITests;
				PRODUCT_NAME = "$(TARGET_NAME)";
				SWIFT_EMIT_LOC_STRINGS = NO;
				SWIFT_VERSION = 5.0;
				TARGETED_DEVICE_FAMILY = "1,2";
				TEST_TARGET_NAME = FolderAndFeed;
			};
			name = Release;
		};
/* End XCBuildConfiguration section */

/* Begin XCConfigurationList section */
		F9859B362B39A48E0029D491 /* Build configuration list for PBXProject "FolderAndFeed" */ = {
			isa = XCConfigurationList;
			buildConfigurations = (
				F9859B662B39A48F0029D491 /* Debug */,
				F9859B672B39A48F0029D491 /* Release */,
			);
			defaultConfigurationIsVisible = 0;
			defaultConfigurationName = Release;
		};
		F9859B682B39A48F0029D491 /* Build configuration list for PBXNativeTarget "FolderAndFeed" */ = {
			isa = XCConfigurationList;
			buildConfigurations = (
				F9859B692B39A48F0029D491 /* Debug */,
				F9859B6A2B39A48F0029D491 /* Release */,
			);
			defaultConfigurationIsVisible = 0;
			defaultConfigurationName = Release;
		};
		F9859B6B2B39A48F0029D491 /* Build configuration list for PBXNativeTarget "FolderAndFeedTests" */ = {
			isa = XCConfigurationList;
			buildConfigurations = (
				F9859B6C2B39A48F0029D491 /* Debug */,
				F9859B6D2B39A48F0029D491 /* Release */,
			);
			defaultConfigurationIsVisible = 0;
			defaultConfigurationName = Release;
		};
		F9859B6E2B39A48F0029D491 /* Build configuration list for PBXNativeTarget "FolderAndFeedUITests" */ = {
			isa = XCConfigurationList;
			buildConfigurations = (
				F9859B6F2B39A48F0029D491 /* Debug */,
				F9859B702B39A48F0029D491 /* Release */,
			);
			defaultConfigurationIsVisible = 0;
			defaultConfigurationName = Release;
		};
/* End XCConfigurationList section */

/* Begin XCRemoteSwiftPackageReference section */
		F9859B962B3A3E2C0029D491 /* XCRemoteSwiftPackageReference "Kingfisher" */ = {
			isa = XCRemoteSwiftPackageReference;
			repositoryURL = "https://github.com/onevcat/Kingfisher.git";
			requirement = {
				kind = upToNextMajorVersion;
				minimumVersion = 7.0.0;
			};
		};
/* End XCRemoteSwiftPackageReference section */

/* Begin XCSwiftPackageProductDependency section */
		F9859B972B3A3E2C0029D491 /* Kingfisher */ = {
			isa = XCSwiftPackageProductDependency;
			package = F9859B962B3A3E2C0029D491 /* XCRemoteSwiftPackageReference "Kingfisher" */;
			productName = Kingfisher;
		};
/* End XCSwiftPackageProductDependency section */

/* Begin XCVersionGroup section */
		F9859B472B39A48E0029D491 /* FolderAndFeed.xcdatamodeld */ = {
			isa = XCVersionGroup;
			children = (
				F9859B482B39A48E0029D491 /* FolderAndFeed.xcdatamodel */,
			);
			currentVersion = F9859B482B39A48E0029D491 /* FolderAndFeed.xcdatamodel */;
			path = FolderAndFeed.xcdatamodeld;
			sourceTree = "<group>";
			versionGroupType = wrapper.xcdatamodel;
		};
/* End XCVersionGroup section */
	};
	rootObject = F9859B332B39A48E0029D491 /* Project object */;
}
